
Microsoft Visual Studio Solution File, Format Version 12.00
# Visual Studio 14
VisualStudioVersion = 14.0.24720.0
MinimumVisualStudioVersion = 10.0.40219.1
Project("{FAE04EC0-301F-11D3-BF4B-00C04F79EFBC}") = "Tehtava1", "Tehtava1\Tehtava1.csproj", "{BBFDB3F8-2232-4C51-A154-1DFFF2E75FE7}"
EndProject
Project("{FAE04EC0-301F-11D3-BF4B-00C04F79EFBC}") = "Tehtava2", "Tehtava2\Tehtava2.csproj", "{02FBD885-4081-468C-9140-DB90F804B128}"
EndProject
Project("{FAE04EC0-301F-11D3-BF4B-00C04F79EFBC}") = "Tehtava3D", "Tehtava3D\Tehtava3D.csproj", "{A04029AD-12C1-40ED-B80E-57358523A15B}"
EndProject
Project("{FAE04EC0-301F-11D3-BF4B-00C04F79EFBC}") = "H1MediaPlayer", "H1MediaPlayer\H1MediaPlayer.csproj", "{D6CF8AC9-5F59-4EF0-BD3F-850AFCD3D96A}"
EndProject
Project("{FAE04EC0-301F-11D3-BF4B-00C04F79EFBC}") = "H3MittausData", "H3MittausData\H3MittausData.csproj", "{8E18F019-4FFD-4202-9C73-0EA0DAE3521B}"
EndProject
Project("{FAE04EC0-301F-11D3-BF4B-00C04F79EFBC}") = "Tehtava4", "Tehtava4\Tehtava4.csproj", "{088F87EE-B603-433B-8FB5-B2C75D834CEA}"
EndProject
Project("{FAE04EC0-301F-11D3-BF4B-00C04F79EFBC}") = "Tehtava5", "Tehtava5\Tehtava5.csproj", "{2E14B957-02F7-4A5E-A29E-42ED13627089}"
EndProject
Project("{FAE04EC0-301F-11D3-BF4B-00C04F79EFBC}") = "Tehtava7", "Tehtava7\Tehtava7.csproj", "{1942CF56-1E4C-4F8D-8B37-76559A573E8D}"
EndProject
Project("{FAE04EC0-301F-11D3-BF4B-00C04F79EFBC}") = "H9BookshopORM", "H9BookshopORM\H9BookshopORM.csproj", "{458FBFC7-9C30-4FBA-8F37-2E781A5BE9FC}"
EndProject
Global
	GlobalSection(SolutionConfigurationPlatforms) = preSolution
		Debug|Any CPU = Debug|Any CPU
		Release|Any CPU = Release|Any CPU
	EndGlobalSection
	GlobalSection(ProjectConfigurationPlatforms) = postSolution
		{BBFDB3F8-2232-4C51-A154-1DFFF2E75FE7}.Debug|Any CPU.ActiveCfg = Debug|Any CPU
		{BBFDB3F8-2232-4C51-A154-1DFFF2E75FE7}.Debug|Any CPU.Build.0 = Debug|Any CPU
		{BBFDB3F8-2232-4C51-A154-1DFFF2E75FE7}.Release|Any CPU.ActiveCfg = Release|Any CPU
		{BBFDB3F8-2232-4C51-A154-1DFFF2E75FE7}.Release|Any CPU.Build.0 = Release|Any CPU
		{02FBD885-4081-468C-9140-DB90F804B128}.Debug|Any CPU.ActiveCfg = Debug|Any CPU
		{02FBD885-4081-468C-9140-DB90F804B128}.Debug|Any CPU.Build.0 = Debug|Any CPU
		{02FBD885-4081-468C-9140-DB90F804B128}.Release|Any CPU.ActiveCfg = Release|Any CPU
		{02FBD885-4081-468C-9140-DB90F804B128}.Release|Any CPU.Build.0 = Release|Any CPU
		{A04029AD-12C1-40ED-B80E-57358523A15B}.Debug|Any CPU.ActiveCfg = Debug|Any CPU
		{A04029AD-12C1-40ED-B80E-57358523A15B}.Debug|Any CPU.Build.0 = Debug|Any CPU
		{A04029AD-12C1-40ED-B80E-57358523A15B}.Release|Any CPU.ActiveCfg = Release|Any CPU
		{A04029AD-12C1-40ED-B80E-57358523A15B}.Release|Any CPU.Build.0 = Release|Any CPU
		{D6CF8AC9-5F59-4EF0-BD3F-850AFCD3D96A}.Debug|Any CPU.ActiveCfg = Debug|Any CPU
		{D6CF8AC9-5F59-4EF0-BD3F-850AFCD3D96A}.Debug|Any CPU.Build.0 = Debug|Any CPU
		{D6CF8AC9-5F59-4EF0-BD3F-850AFCD3D96A}.Release|Any CPU.ActiveCfg = Release|Any CPU
		{D6CF8AC9-5F59-4EF0-BD3F-850AFCD3D96A}.Release|Any CPU.Build.0 = Release|Any CPU
		{8E18F019-4FFD-4202-9C73-0EA0DAE3521B}.Debug|Any CPU.ActiveCfg = Debug|Any CPU
		{8E18F019-4FFD-4202-9C73-0EA0DAE3521B}.Debug|Any CPU.Build.0 = Debug|Any CPU
		{8E18F019-4FFD-4202-9C73-0EA0DAE3521B}.Release|Any CPU.ActiveCfg = Release|Any CPU
		{8E18F019-4FFD-4202-9C73-0EA0DAE3521B}.Release|Any CPU.Build.0 = Release|Any CPU
		{088F87EE-B603-433B-8FB5-B2C75D834CEA}.Debug|Any CPU.ActiveCfg = Debug|Any CPU
		{088F87EE-B603-433B-8FB5-B2C75D834CEA}.Debug|Any CPU.Build.0 = Debug|Any CPU
		{088F87EE-B603-433B-8FB5-B2C75D834CEA}.Release|Any CPU.ActiveCfg = Release|Any CPU
		{088F87EE-B603-433B-8FB5-B2C75D834CEA}.Release|Any CPU.Build.0 = Release|Any CPU
		{2E14B957-02F7-4A5E-A29E-42ED13627089}.Debug|Any CPU.ActiveCfg = Debug|Any CPU
		{2E14B957-02F7-4A5E-A29E-42ED13627089}.Debug|Any CPU.Build.0 = Debug|Any CPU
		{2E14B957-02F7-4A5E-A29E-42ED13627089}.Release|Any CPU.ActiveCfg = Release|Any CPU
		{2E14B957-02F7-4A5E-A29E-42ED13627089}.Release|Any CPU.Build.0 = Release|Any CPU
		{1942CF56-1E4C-4F8D-8B37-76559A573E8D}.Debug|Any CPU.ActiveCfg = Debug|Any CPU
		{1942CF56-1E4C-4F8D-8B37-76559A573E8D}.Debug|Any CPU.Build.0 = Debug|Any CPU
		{1942CF56-1E4C-4F8D-8B37-76559A573E8D}.Release|Any CPU.ActiveCfg = Release|Any CPU
		{1942CF56-1E4C-4F8D-8B37-76559A573E8D}.Release|Any CPU.Build.0 = Release|Any CPU
		{458FBFC7-9C30-4FBA-8F37-2E781A5BE9FC}.Debug|Any CPU.ActiveCfg = Debug|Any CPU
		{458FBFC7-9C30-4FBA-8F37-2E781A5BE9FC}.Debug|Any CPU.Build.0 = Debug|Any CPU
		{458FBFC7-9C30-4FBA-8F37-2E781A5BE9FC}.Release|Any CPU.ActiveCfg = Release|Any CPU
		{458FBFC7-9C30-4FBA-8F37-2E781A5BE9FC}.Release|Any CPU.Build.0 = Release|Any CPU
	EndGlobalSection
	GlobalSection(SolutionProperties) = preSolution
		HideSolutionNode = FALSE
	EndGlobalSection
EndGlobal
